
Microsoft Visual Studio Solution File, Format Version 12.00
# Visual Studio Version 17
VisualStudioVersion = 17.4.33205.214
MinimumVisualStudioVersion = 10.0.40219.1
Project("{FAE04EC0-301F-11D3-BF4B-00C04F79EFBC}") = "BlazorTestApp", "BlazorTestApp\BlazorTestApp.csproj", "{62B4FECE-2421-4C4A-8685-C703ABC2D1DC}"
EndProject
Global
	GlobalSection(SolutionConfigurationPlatforms) = preSolution
		Debug|Any CPU = Debug|Any CPU
		Release|Any CPU = Release|Any CPU
	EndGlobalSection
	GlobalSection(ProjectConfigurationPlatforms) = postSolution
		{62B4FECE-2421-4C4A-8685-C703ABC2D1DC}.Debug|Any CPU.ActiveCfg = Debug|Any CPU
		{62B4FECE-2421-4C4A-8685-C703ABC2D1DC}.Debug|Any CPU.Build.0 = Debug|Any CPU
		{62B4FECE-2421-4C4A-8685-C703ABC2D1DC}.Release|Any CPU.ActiveCfg = Release|Any CPU
		{62B4FECE-2421-4C4A-8685-C703ABC2D1DC}.Release|Any CPU.Build.0 = Release|Any CPU
	EndGlobalSection
	GlobalSection(SolutionProperties) = preSolution
		HideSolutionNode = FALSE
	EndGlobalSection
	GlobalSection(ExtensibilityGlobals) = postSolution
		SolutionGuid = {899BE821-60EF-4681-827C-FEB93CFDBE4C}
	EndGlobalSection
EndGlobal
